
Microsoft Visual Studio Solution File, Format Version 12.00
# Visual Studio Version 17
VisualStudioVersion = 17.0.31903.59
MinimumVisualStudioVersion = 10.0.40219.1
Project("{FAE04EC0-301F-11D3-BF4B-00C04F79EFBC}") = "TarjetaSUBE", "TarjetaSUBE.csproj", "{4FC6AF1B-9BA6-4D51-9C13-4D9EDF6DAB82}"
EndProject
Project("{FAE04EC0-301F-11D3-BF4B-00C04F79EFBC}") = "TarjetaSUBE.Tests", "TarjetaSUBE.Tests\TarjetaSUBE.Tests.csproj", "{1EBF51DB-FB71-4634-A8C2-EB810534C37F}"
EndProject
Global
	GlobalSection(SolutionConfigurationPlatforms) = preSolution
		Debug|Any CPU = Debug|Any CPU
		Debug|x64 = Debug|x64
		Debug|x86 = Debug|x86
		Release|Any CPU = Release|Any CPU
		Release|x64 = Release|x64
		Release|x86 = Release|x86
	EndGlobalSection
	GlobalSection(ProjectConfigurationPlatforms) = postSolution
		{4FC6AF1B-9BA6-4D51-9C13-4D9EDF6DAB82}.Debug|Any CPU.ActiveCfg = Debug|Any CPU
		{4FC6AF1B-9BA6-4D51-9C13-4D9EDF6DAB82}.Debug|Any CPU.Build.0 = Debug|Any CPU
		{4FC6AF1B-9BA6-4D51-9C13-4D9EDF6DAB82}.Debug|x64.ActiveCfg = Debug|Any CPU
		{4FC6AF1B-9BA6-4D51-9C13-4D9EDF6DAB82}.Debug|x64.Build.0 = Debug|Any CPU
		{4FC6AF1B-9BA6-4D51-9C13-4D9EDF6DAB82}.Debug|x86.ActiveCfg = Debug|Any CPU
		{4FC6AF1B-9BA6-4D51-9C13-4D9EDF6DAB82}.Debug|x86.Build.0 = Debug|Any CPU
		{4FC6AF1B-9BA6-4D51-9C13-4D9EDF6DAB82}.Release|Any CPU.ActiveCfg = Release|Any CPU
		{4FC6AF1B-9BA6-4D51-9C13-4D9EDF6DAB82}.Release|Any CPU.Build.0 = Release|Any CPU
		{4FC6AF1B-9BA6-4D51-9C13-4D9EDF6DAB82}.Release|x64.ActiveCfg = Release|Any CPU
		{4FC6AF1B-9BA6-4D51-9C13-4D9EDF6DAB82}.Release|x64.Build.0 = Release|Any CPU
		{4FC6AF1B-9BA6-4D51-9C13-4D9EDF6DAB82}.Release|x86.ActiveCfg = Release|Any CPU
		{4FC6AF1B-9BA6-4D51-9C13-4D9EDF6DAB82}.Release|x86.Build.0 = Release|Any CPU
		{1EBF51DB-FB71-4634-A8C2-EB810534C37F}.Debug|Any CPU.ActiveCfg = Debug|Any CPU
		{1EBF51DB-FB71-4634-A8C2-EB810534C37F}.Debug|Any CPU.Build.0 = Debug|Any CPU
		{1EBF51DB-FB71-4634-A8C2-EB810534C37F}.Debug|x64.ActiveCfg = Debug|Any CPU
		{1EBF51DB-FB71-4634-A8C2-EB810534C37F}.Debug|x64.Build.0 = Debug|Any CPU
		{1EBF51DB-FB71-4634-A8C2-EB810534C37F}.Debug|x86.ActiveCfg = Debug|Any CPU
		{1EBF51DB-FB71-4634-A8C2-EB810534C37F}.Debug|x86.Build.0 = Debug|Any CPU
		{1EBF51DB-FB71-4634-A8C2-EB810534C37F}.Release|Any CPU.ActiveCfg = Release|Any CPU
		{1EBF51DB-FB71-4634-A8C2-EB810534C37F}.Release|Any CPU.Build.0 = Release|Any CPU
		{1EBF51DB-FB71-4634-A8C2-EB810534C37F}.Release|x64.ActiveCfg = Release|Any CPU
		{1EBF51DB-FB71-4634-A8C2-EB810534C37F}.Release|x64.Build.0 = Release|Any CPU
		{1EBF51DB-FB71-4634-A8C2-EB810534C37F}.Release|x86.ActiveCfg = Release|Any CPU
		{1EBF51DB-FB71-4634-A8C2-EB810534C37F}.Release|x86.Build.0 = Release|Any CPU
	EndGlobalSection
	GlobalSection(SolutionProperties) = preSolution
		HideSolutionNode = FALSE
	EndGlobalSection
EndGlobal
